Microsoft Visual Studio Solution File, Format Version 11.00
# Visual Studio 2008

Project("{7A23D93B-4F17-99CD-39C1-1648B52F601A}") = "KC", "Assembly-CSharp-vs.csproj", "{CF7C86EF-0001-4435-B945-DF078988D202}"
EndProject
Global
	GlobalSection(SolutionConfigurationPlatforms) = preSolution
		Debug|Any CPU = Debug|Any CPU
		Release|Any CPU = Release|Any CPU
	EndGlobalSection
	GlobalSection(ProjectConfigurationPlatforms) = postSolution
		{CF7C86EF-0001-4435-B945-DF078988D202}.Debug|Any CPU.ActiveCfg = Debug|Any CPU
		{CF7C86EF-0001-4435-B945-DF078988D202}.Debug|Any CPU.Build.0 = Debug|Any CPU
		{CF7C86EF-0001-4435-B945-DF078988D202}.Release|Any CPU.ActiveCfg = Release|Any CPU
		{CF7C86EF-0001-4435-B945-DF078988D202}.Release|Any CPU.Build.0 = Release|Any CPU
	EndGlobalSection
	GlobalSection(SolutionProperties) = preSolution
		HideSolutionNode = FALSE
	EndGlobalSection
			GlobalSection(MonoDevelopProperties) = preSolution
		StartupItem = Assembly-CSharp.csproj
		Policies = $0
		$0.TextStylePolicy = $1
		$1.inheritsSet = null
		$1.scope = text/x-csharp
		$0.CSharpFormattingPolicy = $2
		$2.inheritsSet = Mono
		$2.inheritsScope = text/x-csharp
		$2.scope = text/x-csharp
		$0.TextStylePolicy = $3
		$3.FileWidth = 120
		$3.TabWidth = 4
		$3.EolMarker = Unix
		$3.inheritsSet = Mono
		$3.inheritsScope = text/plain
		$3.scope = text/plain
	EndGlobalSection

EndGlobal
